
Microsoft Visual Studio Solution File, Format Version 12.00
# Visual Studio 15
Project("{FAE04EC0-301F-11D3-BF4B-00C04F79EFBC}") = "Assembly-CSharp-firstpass", "Assembly-CSharp-firstpass.csproj", "{00F54614-9C34-D1AB-5C8A-33C088B41FAE}"
EndProject
Project("{FAE04EC0-301F-11D3-BF4B-00C04F79EFBC}") = "Assembly-CSharp", "Assembly-CSharp.csproj", "{27DFA3A7-B3F4-9D11-435D-2992B8F1876A}"
EndProject
Project("{FAE04EC0-301F-11D3-BF4B-00C04F79EFBC}") = "Assembly-CSharp-Editor", "Assembly-CSharp-Editor.csproj", "{291759B7-0928-B353-8FCB-3079EDDD3F44}"
EndProject
Global
	GlobalSection(SolutionConfigurationPlatforms) = preSolution
		Debug|Any CPU = Debug|Any CPU
		Release|Any CPU = Release|Any CPU
	EndGlobalSection
	GlobalSection(ProjectConfigurationPlatforms) = postSolution
		{00F54614-9C34-D1AB-5C8A-33C088B41FAE}.Debug|Any CPU.ActiveCfg = Debug|Any CPU
		{00F54614-9C34-D1AB-5C8A-33C088B41FAE}.Debug|Any CPU.Build.0 = Debug|Any CPU
		{00F54614-9C34-D1AB-5C8A-33C088B41FAE}.Release|Any CPU.ActiveCfg = Release|Any CPU
		{00F54614-9C34-D1AB-5C8A-33C088B41FAE}.Release|Any CPU.Build.0 = Release|Any CPU
		{27DFA3A7-B3F4-9D11-435D-2992B8F1876A}.Debug|Any CPU.ActiveCfg = Debug|Any CPU
		{27DFA3A7-B3F4-9D11-435D-2992B8F1876A}.Debug|Any CPU.Build.0 = Debug|Any CPU
		{27DFA3A7-B3F4-9D11-435D-2992B8F1876A}.Release|Any CPU.ActiveCfg = Release|Any CPU
		{27DFA3A7-B3F4-9D11-435D-2992B8F1876A}.Release|Any CPU.Build.0 = Release|Any CPU
		{291759B7-0928-B353-8FCB-3079EDDD3F44}.Debug|Any CPU.ActiveCfg = Debug|Any CPU
		{291759B7-0928-B353-8FCB-3079EDDD3F44}.Debug|Any CPU.Build.0 = Debug|Any CPU
		{291759B7-0928-B353-8FCB-3079EDDD3F44}.Release|Any CPU.ActiveCfg = Release|Any CPU
		{291759B7-0928-B353-8FCB-3079EDDD3F44}.Release|Any CPU.Build.0 = Release|Any CPU
	EndGlobalSection
	GlobalSection(SolutionProperties) = preSolution
		HideSolutionNode = FALSE
	EndGlobalSection
EndGlobal
